
Microsoft Visual Studio Solution File, Format Version 12.00
# Visual Studio Version 17
VisualStudioVersion = 17.4.33403.182
MinimumVisualStudioVersion = 10.0.40219.1
Project("{9A19103F-16F7-4668-BE54-9A1E7A4F7556}") = "Fuel.Solution.EF", "Fuel.Solution.EF\Fuel.Solution.EF.csproj", "{7976D92F-1758-467A-832A-DAD22D2569C7}"
EndProject
Project("{9A19103F-16F7-4668-BE54-9A1E7A4F7556}") = "Fuel.Station.Model", "Fuel.Station.Model\Fuel.Station.Model.csproj", "{B42B5749-6B2F-4D4B-9D96-30C324641F53}"
EndProject
Project("{9A19103F-16F7-4668-BE54-9A1E7A4F7556}") = "Fuel.Station.Windows.Client", "Fuel.Station.Windows.Client\Fuel.Station.Windows.Client.csproj", "{20838175-5AAF-43DB-BA7F-C58A85EFD80F}"
EndProject
Project("{9A19103F-16F7-4668-BE54-9A1E7A4F7556}") = "Fuel.Station.Blazor.Server", "Fuel.Station.Blazor\Server\Fuel.Station.Blazor.Server.csproj", "{5A5325D8-01AE-4F31-8D6F-C6912B2C6E03}"
EndProject
Project("{9A19103F-16F7-4668-BE54-9A1E7A4F7556}") = "Fuel.Station.Blazor.Client", "Fuel.Station.Blazor\Client\Fuel.Station.Blazor.Client.csproj", "{3B3B6788-9BDC-40E8-9DFE-E02C2BA38A62}"
EndProject
Project("{9A19103F-16F7-4668-BE54-9A1E7A4F7556}") = "Fuel.Station.Blazor.Shared", "Fuel.Station.Blazor\Shared\Fuel.Station.Blazor.Shared.csproj", "{1C7C00AD-6687-4E85-B61A-F9782428EFDD}"
EndProject
Project("{2150E333-8FDC-42A3-9474-1A3956D46DE8}") = "Solution Items", "Solution Items", "{8FC6AB32-55E4-4F51-9124-1F46BC40D870}"
	ProjectSection(SolutionItems) = preProject
		.editorconfig = .editorconfig
	EndProjectSection
EndProject
Global
	GlobalSection(SolutionConfigurationPlatforms) = preSolution
		Debug|Any CPU = Debug|Any CPU
		Release|Any CPU = Release|Any CPU
	EndGlobalSection
	GlobalSection(ProjectConfigurationPlatforms) = postSolution
		{7976D92F-1758-467A-832A-DAD22D2569C7}.Debug|Any CPU.ActiveCfg = Debug|Any CPU
		{7976D92F-1758-467A-832A-DAD22D2569C7}.Debug|Any CPU.Build.0 = Debug|Any CPU
		{7976D92F-1758-467A-832A-DAD22D2569C7}.Release|Any CPU.ActiveCfg = Release|Any CPU
		{7976D92F-1758-467A-832A-DAD22D2569C7}.Release|Any CPU.Build.0 = Release|Any CPU
		{B42B5749-6B2F-4D4B-9D96-30C324641F53}.Debug|Any CPU.ActiveCfg = Debug|Any CPU
		{B42B5749-6B2F-4D4B-9D96-30C324641F53}.Debug|Any CPU.Build.0 = Debug|Any CPU
		{B42B5749-6B2F-4D4B-9D96-30C324641F53}.Release|Any CPU.ActiveCfg = Release|Any CPU
		{B42B5749-6B2F-4D4B-9D96-30C324641F53}.Release|Any CPU.Build.0 = Release|Any CPU
		{20838175-5AAF-43DB-BA7F-C58A85EFD80F}.Debug|Any CPU.ActiveCfg = Debug|Any CPU
		{20838175-5AAF-43DB-BA7F-C58A85EFD80F}.Debug|Any CPU.Build.0 = Debug|Any CPU
		{20838175-5AAF-43DB-BA7F-C58A85EFD80F}.Release|Any CPU.ActiveCfg = Release|Any CPU
		{20838175-5AAF-43DB-BA7F-C58A85EFD80F}.Release|Any CPU.Build.0 = Release|Any CPU
		{5A5325D8-01AE-4F31-8D6F-C6912B2C6E03}.Debug|Any CPU.ActiveCfg = Debug|Any CPU
		{5A5325D8-01AE-4F31-8D6F-C6912B2C6E03}.Debug|Any CPU.Build.0 = Debug|Any CPU
		{5A5325D8-01AE-4F31-8D6F-C6912B2C6E03}.Release|Any CPU.ActiveCfg = Release|Any CPU
		{5A5325D8-01AE-4F31-8D6F-C6912B2C6E03}.Release|Any CPU.Build.0 = Release|Any CPU
		{3B3B6788-9BDC-40E8-9DFE-E02C2BA38A62}.Debug|Any CPU.ActiveCfg = Debug|Any CPU
		{3B3B6788-9BDC-40E8-9DFE-E02C2BA38A62}.Debug|Any CPU.Build.0 = Debug|Any CPU
		{3B3B6788-9BDC-40E8-9DFE-E02C2BA38A62}.Release|Any CPU.ActiveCfg = Release|Any CPU
		{3B3B6788-9BDC-40E8-9DFE-E02C2BA38A62}.Release|Any CPU.Build.0 = Release|Any CPU
		{1C7C00AD-6687-4E85-B61A-F9782428EFDD}.Debug|Any CPU.ActiveCfg = Debug|Any CPU
		{1C7C00AD-6687-4E85-B61A-F9782428EFDD}.Debug|Any CPU.Build.0 = Debug|Any CPU
		{1C7C00AD-6687-4E85-B61A-F9782428EFDD}.Release|Any CPU.ActiveCfg = Release|Any CPU
		{1C7C00AD-6687-4E85-B61A-F9782428EFDD}.Release|Any CPU.Build.0 = Release|Any CPU
	EndGlobalSection
	GlobalSection(SolutionProperties) = preSolution
		HideSolutionNode = FALSE
	EndGlobalSection
	GlobalSection(ExtensibilityGlobals) = postSolution
		SolutionGuid = {7D8BF6FE-16A9-4DFC-B89C-EE820FD4EBF0}
	EndGlobalSection
EndGlobal
