
Microsoft Visual Studio Solution File, Format Version 12.00
# Visual Studio Version 17
VisualStudioVersion = 17.4.33403.182
MinimumVisualStudioVersion = 10.0.40219.1
Project("{FAE04EC0-301F-11D3-BF4B-00C04F79EFBC}") = "Fuel.Station.Web.Blazor.Client", "Fuel.Station.Web.Blazor\Fuel.Station.Web.Blazor.Client.csproj", "{7C8988F1-6440-4B6F-8B9D-27DAD13B6BE5}"
EndProject
Project("{FAE04EC0-301F-11D3-BF4B-00C04F79EFBC}") = "Fuel.Solution.EF", "Fuel.Solution.EF\Fuel.Solution.EF.csproj", "{7976D92F-1758-467A-832A-DAD22D2569C7}"
EndProject
Project("{FAE04EC0-301F-11D3-BF4B-00C04F79EFBC}") = "Fuel.Station.Model", "Fuel.Station.Model\Fuel.Station.Model.csproj", "{B42B5749-6B2F-4D4B-9D96-30C324641F53}"
EndProject
Project("{FAE04EC0-301F-11D3-BF4B-00C04F79EFBC}") = "Fuel.Station.Windows.Client", "Fuel.Station.Windows.Client\Fuel.Station.Windows.Client.csproj", "{20838175-5AAF-43DB-BA7F-C58A85EFD80F}"
EndProject
Project("{FAE04EC0-301F-11D3-BF4B-00C04F79EFBC}") = "Fuel.Station.Web.API", "Fuel.Station.Web.API\Fuel.Station.Web.API.csproj", "{FB01A8D7-3D25-4649-8505-7879BB06FECD}"
EndProject
Global
	GlobalSection(SolutionConfigurationPlatforms) = preSolution
		Debug|Any CPU = Debug|Any CPU
		Release|Any CPU = Release|Any CPU
	EndGlobalSection
	GlobalSection(ProjectConfigurationPlatforms) = postSolution
		{7C8988F1-6440-4B6F-8B9D-27DAD13B6BE5}.Debug|Any CPU.ActiveCfg = Debug|Any CPU
		{7C8988F1-6440-4B6F-8B9D-27DAD13B6BE5}.Debug|Any CPU.Build.0 = Debug|Any CPU
		{7C8988F1-6440-4B6F-8B9D-27DAD13B6BE5}.Release|Any CPU.ActiveCfg = Release|Any CPU
		{7C8988F1-6440-4B6F-8B9D-27DAD13B6BE5}.Release|Any CPU.Build.0 = Release|Any CPU
		{7976D92F-1758-467A-832A-DAD22D2569C7}.Debug|Any CPU.ActiveCfg = Debug|Any CPU
		{7976D92F-1758-467A-832A-DAD22D2569C7}.Debug|Any CPU.Build.0 = Debug|Any CPU
		{7976D92F-1758-467A-832A-DAD22D2569C7}.Release|Any CPU.ActiveCfg = Release|Any CPU
		{7976D92F-1758-467A-832A-DAD22D2569C7}.Release|Any CPU.Build.0 = Release|Any CPU
		{B42B5749-6B2F-4D4B-9D96-30C324641F53}.Debug|Any CPU.ActiveCfg = Debug|Any CPU
		{B42B5749-6B2F-4D4B-9D96-30C324641F53}.Debug|Any CPU.Build.0 = Debug|Any CPU
		{B42B5749-6B2F-4D4B-9D96-30C324641F53}.Release|Any CPU.ActiveCfg = Release|Any CPU
		{B42B5749-6B2F-4D4B-9D96-30C324641F53}.Release|Any CPU.Build.0 = Release|Any CPU
		{20838175-5AAF-43DB-BA7F-C58A85EFD80F}.Debug|Any CPU.ActiveCfg = Debug|Any CPU
		{20838175-5AAF-43DB-BA7F-C58A85EFD80F}.Debug|Any CPU.Build.0 = Debug|Any CPU
		{20838175-5AAF-43DB-BA7F-C58A85EFD80F}.Release|Any CPU.ActiveCfg = Release|Any CPU
		{20838175-5AAF-43DB-BA7F-C58A85EFD80F}.Release|Any CPU.Build.0 = Release|Any CPU
		{FB01A8D7-3D25-4649-8505-7879BB06FECD}.Debug|Any CPU.ActiveCfg = Debug|Any CPU
		{FB01A8D7-3D25-4649-8505-7879BB06FECD}.Debug|Any CPU.Build.0 = Debug|Any CPU
		{FB01A8D7-3D25-4649-8505-7879BB06FECD}.Release|Any CPU.ActiveCfg = Release|Any CPU
		{FB01A8D7-3D25-4649-8505-7879BB06FECD}.Release|Any CPU.Build.0 = Release|Any CPU
	EndGlobalSection
	GlobalSection(SolutionProperties) = preSolution
		HideSolutionNode = FALSE
	EndGlobalSection
	GlobalSection(ExtensibilityGlobals) = postSolution
		SolutionGuid = {7D8BF6FE-16A9-4DFC-B89C-EE820FD4EBF0}
	EndGlobalSection
EndGlobal
