
Microsoft Visual Studio Solution File, Format Version 12.00
# Visual Studio Version 17
VisualStudioVersion = 17.4.33205.214
MinimumVisualStudioVersion = 10.0.40219.1
Project("{FAE04EC0-301F-11D3-BF4B-00C04F79EFBC}") = "Session-09", "Session-09\Session-09.csproj", "{4846BB95-A2F7-4722-B526-8EBD54B87644}"
EndProject
Project("{FAE04EC0-301F-11D3-BF4B-00C04F79EFBC}") = "ClassLibrary1", "ClassLibrary1\ClassLibrary1.csproj", "{A5170C8A-411D-4CC3-B9FD-1F3C488A0061}"
EndProject
Global
	GlobalSection(SolutionConfigurationPlatforms) = preSolution
		Debug|Any CPU = Debug|Any CPU
		Release|Any CPU = Release|Any CPU
	EndGlobalSection
	GlobalSection(ProjectConfigurationPlatforms) = postSolution
		{4846BB95-A2F7-4722-B526-8EBD54B87644}.Debug|Any CPU.ActiveCfg = Debug|Any CPU
		{4846BB95-A2F7-4722-B526-8EBD54B87644}.Debug|Any CPU.Build.0 = Debug|Any CPU
		{4846BB95-A2F7-4722-B526-8EBD54B87644}.Release|Any CPU.ActiveCfg = Release|Any CPU
		{4846BB95-A2F7-4722-B526-8EBD54B87644}.Release|Any CPU.Build.0 = Release|Any CPU
		{A5170C8A-411D-4CC3-B9FD-1F3C488A0061}.Debug|Any CPU.ActiveCfg = Debug|Any CPU
		{A5170C8A-411D-4CC3-B9FD-1F3C488A0061}.Debug|Any CPU.Build.0 = Debug|Any CPU
		{A5170C8A-411D-4CC3-B9FD-1F3C488A0061}.Release|Any CPU.ActiveCfg = Release|Any CPU
		{A5170C8A-411D-4CC3-B9FD-1F3C488A0061}.Release|Any CPU.Build.0 = Release|Any CPU
	EndGlobalSection
	GlobalSection(SolutionProperties) = preSolution
		HideSolutionNode = FALSE
	EndGlobalSection
	GlobalSection(ExtensibilityGlobals) = postSolution
		SolutionGuid = {5723B087-751F-40DF-ABC2-EF6A2D85E86F}
	EndGlobalSection
EndGlobal
